
Microsoft Visual Studio Solution File, Format Version 12.00
# Visual Studio Version 17
VisualStudioVersion = 17.11.35327.3
MinimumVisualStudioVersion = 10.0.40219.1
Project("{FAE04EC0-301F-11D3-BF4B-00C04F79EFBC}") = "PieChart", "PieChart\PieChart.csproj", "{AB6201A0-D0BE-4780-95A5-3E4F455DC00D}"
EndProject
Global
	GlobalSection(SolutionConfigurationPlatforms) = preSolution
		Debug|Any CPU = Debug|Any CPU
		Release|Any CPU = Release|Any CPU
	EndGlobalSection
	GlobalSection(ProjectConfigurationPlatforms) = postSolution
		{AB6201A0-D0BE-4780-95A5-3E4F455DC00D}.Debug|Any CPU.ActiveCfg = Debug|Any CPU
		{AB6201A0-D0BE-4780-95A5-3E4F455DC00D}.Debug|Any CPU.Build.0 = Debug|Any CPU
		{AB6201A0-D0BE-4780-95A5-3E4F455DC00D}.Release|Any CPU.ActiveCfg = Release|Any CPU
		{AB6201A0-D0BE-4780-95A5-3E4F455DC00D}.Release|Any CPU.Build.0 = Release|Any CPU
	EndGlobalSection
	GlobalSection(SolutionProperties) = preSolution
		HideSolutionNode = FALSE
	EndGlobalSection
	GlobalSection(ExtensibilityGlobals) = postSolution
		SolutionGuid = {5299366C-5B7F-4F8D-8E98-D2D89F711A9A}
	EndGlobalSection
EndGlobal
